// !$*UTF8*$!
{
	archiveVersion = 1;
	classes = {
	};
	objectVersion = 48;
	objects = {

/* Begin PBXBuildFile section */
		173EEF0A207A170A00FE28D8 /* FUDGuidePageViewController.m in Sources */ = {isa = PBXBuildFile; fileRef = 173EEF09207A170A00FE28D8 /* FUDGuidePageViewController.m */; };
		174058A0206E41C90083EB2D /* AppDelegate.m in Sources */ = {isa = PBXBuildFile; fileRef = 1740589F206E41C90083EB2D /* AppDelegate.m */; };
		174058A8206E41C90083EB2D /* Assets.xcassets in Resources */ = {isa = PBXBuildFile; fileRef = 174058A7206E41C90083EB2D /* Assets.xcassets */; };
		174058AE206E41C90083EB2D /* main.m in Sources */ = {isa = PBXBuildFile; fileRef = 174058AD206E41C90083EB2D /* main.m */; };
		174058B6206E428D0083EB2D /* FUDBaseViewController.m in Sources */ = {isa = PBXBuildFile; fileRef = 174058B5206E428D0083EB2D /* FUDBaseViewController.m */; };
		17DF4DD02074B65600833F66 /* FUDLoginViewController.m in Sources */ = {isa = PBXBuildFile; fileRef = 17DF4DCF2074B65600833F66 /* FUDLoginViewController.m */; };
		17DF4DD32074B68700833F66 /* FUDRegisterViewController.m in Sources */ = {isa = PBXBuildFile; fileRef = 17DF4DD22074B68700833F66 /* FUDRegisterViewController.m */; };
		17DF4DD62074C6AA00833F66 /* FUDBaseNavigationController.m in Sources */ = {isa = PBXBuildFile; fileRef = 17DF4DD52074C6AA00833F66 /* FUDBaseNavigationController.m */; };
/* End PBXBuildFile section */

/* Begin PBXFileReference section */
		173EEF08207A170A00FE28D8 /* FUDGuidePageViewController.h */ = {isa = PBXFileReference; lastKnownFileType = sourcecode.c.h; path = FUDGuidePageViewController.h; sourceTree = "<group>"; };
		173EEF09207A170A00FE28D8 /* FUDGuidePageViewController.m */ = {isa = PBXFileReference; lastKnownFileType = sourcecode.c.objc; path = FUDGuidePageViewController.m; sourceTree = "<group>"; };
		1740589B206E41C90083EB2D /* FUDTemplate.app */ = {isa = PBXFileReference; explicitFileType = wrapper.application; includeInIndex = 0; path = FUDTemplate.app; sourceTree = BUILT_PRODUCTS_DIR; };
		1740589E206E41C90083EB2D /* AppDelegate.h */ = {isa = PBXFileReference; lastKnownFileType = sourcecode.c.h; path = AppDelegate.h; sourceTree = "<group>"; };
		1740589F206E41C90083EB2D /* AppDelegate.m */ = {isa = PBXFileReference; lastKnownFileType = sourcecode.c.objc; path = AppDelegate.m; sourceTree = "<group>"; };
		174058A7206E41C90083EB2D /* Assets.xcassets */ = {isa = PBXFileReference; lastKnownFileType = folder.assetcatalog; path = Assets.xcassets; sourceTree = "<group>"; };
		174058AC206E41C90083EB2D /* Info.plist */ = {isa = PBXFileReference; lastKnownFileType = text.plist.xml; path = Info.plist; sourceTree = "<group>"; };
		174058AD206E41C90083EB2D /* main.m */ = {isa = PBXFileReference; lastKnownFileType = sourcecode.c.objc; path = main.m; sourceTree = "<group>"; };
		174058B4206E428D0083EB2D /* FUDBaseViewController.h */ = {isa = PBXFileReference; lastKnownFileType = sourcecode.c.h; path = FUDBaseViewController.h; sourceTree = "<group>"; };
		174058B5206E428D0083EB2D /* FUDBaseViewController.m */ = {isa = PBXFileReference; lastKnownFileType = sourcecode.c.objc; path = FUDBaseViewController.m; sourceTree = "<group>"; };
		17DF4DCE2074B65600833F66 /* FUDLoginViewController.h */ = {isa = PBXFileReference; lastKnownFileType = sourcecode.c.h; path = FUDLoginViewController.h; sourceTree = "<group>"; };
		17DF4DCF2074B65600833F66 /* FUDLoginViewController.m */ = {isa = PBXFileReference; lastKnownFileType = sourcecode.c.objc; path = FUDLoginViewController.m; sourceTree = "<group>"; };
		17DF4DD12074B68700833F66 /* FUDRegisterViewController.h */ = {isa = PBXFileReference; lastKnownFileType = sourcecode.c.h; path = FUDRegisterViewController.h; sourceTree = "<group>"; };
		17DF4DD22074B68700833F66 /* FUDRegisterViewController.m */ = {isa = PBXFileReference; lastKnownFileType = sourcecode.c.objc; path = FUDRegisterViewController.m; sourceTree = "<group>"; };
		17DF4DD42074C6AA00833F66 /* FUDBaseNavigationController.h */ = {isa = PBXFileReference; lastKnownFileType = sourcecode.c.h; path = FUDBaseNavigationController.h; sourceTree = "<group>"; };
		17DF4DD52074C6AA00833F66 /* FUDBaseNavigationController.m */ = {isa = PBXFileReference; lastKnownFileType = sourcecode.c.objc; path = FUDBaseNavigationController.m; sourceTree = "<group>"; };
/* End PBXFileReference section */

/* Begin PBXFrameworksBuildPhase section */
		17405898206E41C90083EB2D /* Frameworks */ = {
			isa = PBXFrameworksBuildPhase;
			buildActionMask = 2147483647;
			files = (
			);
			runOnlyForDeploymentPostprocessing = 0;
		};
/* End PBXFrameworksBuildPhase section */

/* Begin PBXGroup section */
		17405892206E41C90083EB2D = {
			isa = PBXGroup;
			children = (
				1740589D206E41C90083EB2D /* FUDTemplate */,
				1740589C206E41C90083EB2D /* Products */,
			);
			sourceTree = "<group>";
		};
		1740589C206E41C90083EB2D /* Products */ = {
			isa = PBXGroup;
			children = (
				1740589B206E41C90083EB2D /* FUDTemplate.app */,
			);
			name = Products;
			sourceTree = "<group>";
		};
		1740589D206E41C90083EB2D /* FUDTemplate */ = {
			isa = PBXGroup;
			children = (
				1740589E206E41C90083EB2D /* AppDelegate.h */,
				1740589F206E41C90083EB2D /* AppDelegate.m */,
				174058B4206E428D0083EB2D /* FUDBaseViewController.h */,
				174058B5206E428D0083EB2D /* FUDBaseViewController.m */,
				17DF4DD42074C6AA00833F66 /* FUDBaseNavigationController.h */,
				17DF4DD52074C6AA00833F66 /* FUDBaseNavigationController.m */,
				173EEF08207A170A00FE28D8 /* FUDGuidePageViewController.h */,
				173EEF09207A170A00FE28D8 /* FUDGuidePageViewController.m */,
				17DF4DCE2074B65600833F66 /* FUDLoginViewController.h */,
				17DF4DCF2074B65600833F66 /* FUDLoginViewController.m */,
				17DF4DD12074B68700833F66 /* FUDRegisterViewController.h */,
				17DF4DD22074B68700833F66 /* FUDRegisterViewController.m */,
				174058A7206E41C90083EB2D /* Assets.xcassets */,
				174058AC206E41C90083EB2D /* Info.plist */,
				174058AD206E41C90083EB2D /* main.m */,
			);
			path = FUDTemplate;
			sourceTree = "<group>";
		};
/* End PBXGroup section */

/* Begin PBXNativeTarget section */
		1740589A206E41C90083EB2D /* FUDTemplate */ = {
			isa = PBXNativeTarget;
			buildConfigurationList = 174058B1206E41C90083EB2D /* Build configuration list for PBXNativeTarget "FUDTemplate" */;
			buildPhases = (
				17405897206E41C90083EB2D /* Sources */,
				17405898206E41C90083EB2D /* Frameworks */,
				17405899206E41C90083EB2D /* Resources */,
			);
			buildRules = (
			);
			dependencies = (
			);
			name = FUDTemplate;
			productName = FUDTemplate;
			productReference = 1740589B206E41C90083EB2D /* FUDTemplate.app */;
			productType = "com.apple.product-type.application";
		};
/* End PBXNativeTarget section */

/* Begin PBXProject section */
		17405893206E41C90083EB2D /* Project object */ = {
			isa = PBXProject;
			attributes = {
				LastUpgradeCheck = 0920;
				ORGANIZATIONNAME = "兰福东";
				TargetAttributes = {
					1740589A206E41C90083EB2D = {
						CreatedOnToolsVersion = 9.2;
						ProvisioningStyle = Automatic;
					};
				};
			};
			buildConfigurationList = 17405896206E41C90083EB2D /* Build configuration list for PBXProject "FUDTemplate" */;
			compatibilityVersion = "Xcode 8.0";
			developmentRegion = en;
			hasScannedForEncodings = 0;
			knownRegions = (
				en,
				Base,
			);
			mainGroup = 17405892206E41C90083EB2D;
			productRefGroup = 1740589C206E41C90083EB2D /* Products */;
			projectDirPath = "";
			projectRoot = "";
			targets = (
				1740589A206E41C90083EB2D /* FUDTemplate */,
			);
		};
/* End PBXProject section */

/* Begin PBXResourcesBuildPhase section */
		17405899206E41C90083EB2D /* Resources */ = {
			isa = PBXResourcesBuildPhase;
			buildActionMask = 2147483647;
			files = (
				174058A8206E41C90083EB2D /* Assets.xcassets in Resources */,
			);
			runOnlyForDeploymentPostprocessing = 0;
		};
/* End PBXResourcesBuildPhase section */

/* Begin PBXSourcesBuildPhase section */
		17405897206E41C90083EB2D /* Sources */ = {
			isa = PBXSourcesBuildPhase;
			buildActionMask = 2147483647;
			files = (
				17DF4DD62074C6AA00833F66 /* FUDBaseNavigationController.m in Sources */,
				174058B6206E428D0083EB2D /* FUDBaseViewController.m in Sources */,
				174058AE206E41C90083EB2D /* main.m in Sources */,
				173EEF0A207A170A00FE28D8 /* FUDGuidePageViewController.m in Sources */,
				17DF4DD02074B65600833F66 /* FUDLoginViewController.m in Sources */,
				174058A0206E41C90083EB2D /* AppDelegate.m in Sources */,
				17DF4DD32074B68700833F66 /* FUDRegisterViewController.m in Sources */,
			);
			runOnlyForDeploymentPostprocessing = 0;
		};
/* End PBXSourcesBuildPhase section */

/* Begin XCBuildConfiguration section */
		174058AF206E41C90083EB2D /* Debug */ = {
			isa = XCBuildConfiguration;
			buildSettings = {
				ALWAYS_SEARCH_USER_PATHS = NO;
				CLANG_ANALYZER_NONNULL = YES;
				CLANG_ANALYZER_NUMBER_OBJECT_CONVERSION = YES_AGGRESSIVE;
				CLANG_CXX_LANGUAGE_STANDARD = "gnu++14";
				CLANG_CXX_LIBRARY = "libc++";
				CLANG_ENABLE_MODULES = YES;
				CLANG_ENABLE_OBJC_ARC = YES;
				CLANG_WARN_BLOCK_CAPTURE_AUTORELEASING = YES;
				CLANG_WARN_BOOL_CONVERSION = YES;
				CLANG_WARN_COMMA = YES;
				CLANG_WARN_CONSTANT_CONVERSION = YES;
				CLANG_WARN_DIRECT_OBJC_ISA_USAGE = YES_ERROR;
				CLANG_WARN_DOCUMENTATION_COMMENTS = YES;
				CLANG_WARN_EMPTY_BODY = YES;
				CLANG_WARN_ENUM_CONVERSION = YES;
				CLANG_WARN_INFINITE_RECURSION = YES;
				CLANG_WARN_INT_CONVERSION = YES;
				CLANG_WARN_NON_LITERAL_NULL_CONVERSION = YES;
				CLANG_WARN_OBJC_LITERAL_CONVERSION = YES;
				CLANG_WARN_OBJC_ROOT_CLASS = YES_ERROR;
				CLANG_WARN_RANGE_LOOP_ANALYSIS = YES;
				CLANG_WARN_STRICT_PROTOTYPES = YES;
				CLANG_WARN_SUSPICIOUS_MOVE = YES;
				CLANG_WARN_UNGUARDED_AVAILABILITY = YES_AGGRESSIVE;
				CLANG_WARN_UNREACHABLE_CODE = YES;
				CLANG_WARN__DUPLICATE_METHOD_MATCH = YES;
				CODE_SIGN_IDENTITY = "iPhone Developer";
				COPY_PHASE_STRIP = NO;
				DEBUG_INFORMATION_FORMAT = dwarf;
				ENABLE_STRICT_OBJC_MSGSEND = YES;
				ENABLE_TESTABILITY = YES;
				GCC_C_LANGUAGE_STANDARD = gnu11;
				GCC_DYNAMIC_NO_PIC = NO;
				GCC_NO_COMMON_BLOCKS = YES;
				GCC_OPTIMIZATION_LEVEL = 0;
				GCC_PREPROCESSOR_DEFINITIONS = (
					"DEBUG=1",
					"$(inherited)",
				);
				GCC_WARN_64_TO_32_BIT_CONVERSION = YES;
				GCC_WARN_ABOUT_RETURN_TYPE = YES_ERROR;
				GCC_WARN_UNDECLARED_SELECTOR = YES;
				GCC_WARN_UNINITIALIZED_AUTOS = YES_AGGRESSIVE;
				GCC_WARN_UNUSED_FUNCTION = YES;
				GCC_WARN_UNUSED_VARIABLE = YES;
				IPHONEOS_DEPLOYMENT_TARGET = 11.2;
				MTL_ENABLE_DEBUG_INFO = YES;
				ONLY_ACTIVE_ARCH = YES;
				SDKROOT = iphoneos;
			};
			name = Debug;
		};
		174058B0206E41C90083EB2D /* Release */ = {
			isa = XCBuildConfiguration;
			buildSettings = {
				ALWAYS_SEARCH_USER_PATHS = NO;
				CLANG_ANALYZER_NONNULL = YES;
				CLANG_ANALYZER_NUMBER_OBJECT_CONVERSION = YES_AGGRESSIVE;
				CLANG_CXX_LANGUAGE_STANDARD = "gnu++14";
				CLANG_CXX_LIBRARY = "libc++";
				CLANG_ENABLE_MODULES = YES;
				CLANG_ENABLE_OBJC_ARC = YES;
				CLANG_WARN_BLOCK_CAPTURE_AUTORELEASING = YES;
				CLANG_WARN_BOOL_CONVERSION = YES;
				CLANG_WARN_COMMA = YES;
				CLANG_WARN_CONSTANT_CONVERSION = YES;
				CLANG_WARN_DIRECT_OBJC_ISA_USAGE = YES_ERROR;
				CLANG_WARN_DOCUMENTATION_COMMENTS = YES;
				CLANG_WARN_EMPTY_BODY = YES;
				CLANG_WARN_ENUM_CONVERSION = YES;
				CLANG_WARN_INFINITE_RECURSION = YES;
				CLANG_WARN_INT_CONVERSION = YES;
				CLANG_WARN_NON_LITERAL_NULL_CONVERSION = YES;
				CLANG_WARN_OBJC_LITERAL_CONVERSION = YES;
				CLANG_WARN_OBJC_ROOT_CLASS = YES_ERROR;
				CLANG_WARN_RANGE_LOOP_ANALYSIS = YES;
				CLANG_WARN_STRICT_PROTOTYPES = YES;
				CLANG_WARN_SUSPICIOUS_MOVE = YES;
				CLANG_WARN_UNGUARDED_AVAILABILITY = YES_AGGRESSIVE;
				CLANG_WARN_UNREACHABLE_CODE = YES;
				CLANG_WARN__DUPLICATE_METHOD_MATCH = YES;
				CODE_SIGN_IDENTITY = "iPhone Developer";
				COPY_PHASE_STRIP = NO;
				DEBUG_INFORMATION_FORMAT = "dwarf-with-dsym";
				ENABLE_NS_ASSERTIONS = NO;
				ENABLE_STRICT_OBJC_MSGSEND = YES;
				GCC_C_LANGUAGE_STANDARD = gnu11;
				GCC_NO_COMMON_BLOCKS = YES;
				GCC_WARN_64_TO_32_BIT_CONVERSION = YES;
				GCC_WARN_ABOUT_RETURN_TYPE = YES_ERROR;
				GCC_WARN_UNDECLARED_SELECTOR = YES;
				GCC_WARN_UNINITIALIZED_AUTOS = YES_AGGRESSIVE;
				GCC_WARN_UNUSED_FUNCTION = YES;
				GCC_WARN_UNUSED_VARIABLE = YES;
				IPHONEOS_DEPLOYMENT_TARGET = 11.2;
				MTL_ENABLE_DEBUG_INFO = NO;
				SDKROOT = iphoneos;
				VALIDATE_PRODUCT = YES;
			};
			name = Release;
		};
		174058B2206E41C90083EB2D /* Debug */ = {
			isa = XCBuildConfiguration;
			buildSettings = {
				ASSETCATALOG_COMPILER_APPICON_NAME = AppIcon;
				ASSETCATALOG_COMPILER_LAUNCHIMAGE_NAME = LaunchImage;
				CODE_SIGN_STYLE = Automatic;
				DEVELOPMENT_TEAM = 5AR95QDSAR;
				INFOPLIST_FILE = FUDTemplate/Info.plist;
				IPHONEOS_DEPLOYMENT_TARGET = 8.0;
				LD_RUNPATH_SEARCH_PATHS = "$(inherited) @executable_path/Frameworks";
				PRODUCT_BUNDLE_IDENTIFIER = com.fudo.FUDTemplate;
				PRODUCT_NAME = "$(TARGET_NAME)";
				TARGETED_DEVICE_FAMILY = 1;
			};
			name = Debug;
		};
		174058B3206E41C90083EB2D /* Release */ = {
			isa = XCBuildConfiguration;
			buildSettings = {
				ASSETCATALOG_COMPILER_APPICON_NAME = AppIcon;
				ASSETCATALOG_COMPILER_LAUNCHIMAGE_NAME = LaunchImage;
				CODE_SIGN_STYLE = Automatic;
				DEVELOPMENT_TEAM = 5AR95QDSAR;
				INFOPLIST_FILE = FUDTemplate/Info.plist;
				IPHONEOS_DEPLOYMENT_TARGET = 8.0;
				LD_RUNPATH_SEARCH_PATHS = "$(inherited) @executable_path/Frameworks";
				PRODUCT_BUNDLE_IDENTIFIER = com.fudo.FUDTemplate;
				PRODUCT_NAME = "$(TARGET_NAME)";
				TARGETED_DEVICE_FAMILY = 1;
			};
			name = Release;
		};
/* End XCBuildConfiguration section */

/* Begin XCConfigurationList section */
		17405896206E41C90083EB2D /* Build configuration list for PBXProject "FUDTemplate" */ = {
			isa = XCConfigurationList;
			buildConfigurations = (
				174058AF206E41C90083EB2D /* Debug */,
				174058B0206E41C90083EB2D /* Release */,
			);
			defaultConfigurationIsVisible = 0;
			defaultConfigurationName = Release;
		};
		174058B1206E41C90083EB2D /* Build configuration list for PBXNativeTarget "FUDTemplate" */ = {
			isa = XCConfigurationList;
			buildConfigurations = (
				174058B2206E41C90083EB2D /* Debug */,
				174058B3206E41C90083EB2D /* Release */,
			);
			defaultConfigurationIsVisible = 0;
			defaultConfigurationName = Release;
		};
/* End XCConfigurationList section */
	};
	rootObject = 17405893206E41C90083EB2D /* Project object */;
}
